
Microsoft Visual Studio Solution File, Format Version 12.00
# Visual Studio Version 16
VisualStudioVersion = 16.0.30611.23
MinimumVisualStudioVersion = 10.0.40219.1
Project("{FAE04EC0-301F-11D3-BF4B-00C04F79EFBC}") = "WindowsFormsFeladat", "WindowsFormsFeladat\WindowsFormsFeladat.csproj", "{A2F9F088-D6E4-4866-A8C4-801C38EF90EB}"
EndProject
Global
	GlobalSection(SolutionConfigurationPlatforms) = preSolution
		Debug|Any CPU = Debug|Any CPU
		Release|Any CPU = Release|Any CPU
	EndGlobalSection
	GlobalSection(ProjectConfigurationPlatforms) = postSolution
		{A2F9F088-D6E4-4866-A8C4-801C38EF90EB}.Debug|Any CPU.ActiveCfg = Debug|Any CPU
		{A2F9F088-D6E4-4866-A8C4-801C38EF90EB}.Debug|Any CPU.Build.0 = Debug|Any CPU
		{A2F9F088-D6E4-4866-A8C4-801C38EF90EB}.Release|Any CPU.ActiveCfg = Release|Any CPU
		{A2F9F088-D6E4-4866-A8C4-801C38EF90EB}.Release|Any CPU.Build.0 = Release|Any CPU
	EndGlobalSection
	GlobalSection(SolutionProperties) = preSolution
		HideSolutionNode = FALSE
	EndGlobalSection
	GlobalSection(ExtensibilityGlobals) = postSolution
		SolutionGuid = {6839CEBF-ECD4-4D33-805E-A6A41A118FEA}
	EndGlobalSection
EndGlobal
